
Microsoft Visual Studio Solution File, Format Version 10.00
# Visual C++ Express 2008
Project("{8BC9CEB8-8B4A-11D0-8D11-00A0C91BC942}") = "mednafen", "mednafen_2008.vcproj", "{28EF8B88-8DB8-4F42-B6A6-B5FC7F2EC2EB}"
EndProject
Global
	GlobalSection(SolutionConfigurationPlatforms) = preSolution
		Debug|Win32 = Debug|Win32
		Release|Win32 = Release|Win32
		XBOX_Debug|Win32 = XBOX_Debug|Win32
		XBOX_Release|Win32 = XBOX_Release|Win32
	EndGlobalSection
	GlobalSection(ProjectConfigurationPlatforms) = postSolution
		{28EF8B88-8DB8-4F42-B6A6-B5FC7F2EC2EB}.Debug|Win32.ActiveCfg = Debug|Win32
		{28EF8B88-8DB8-4F42-B6A6-B5FC7F2EC2EB}.Debug|Win32.Build.0 = Debug|Win32
		{28EF8B88-8DB8-4F42-B6A6-B5FC7F2EC2EB}.Release|Win32.ActiveCfg = Release|Win32
		{28EF8B88-8DB8-4F42-B6A6-B5FC7F2EC2EB}.Release|Win32.Build.0 = Release|Win32
		{28EF8B88-8DB8-4F42-B6A6-B5FC7F2EC2EB}.XBOX_Debug|Win32.ActiveCfg = Debug|Win32
		{28EF8B88-8DB8-4F42-B6A6-B5FC7F2EC2EB}.XBOX_Debug|Win32.Build.0 = Debug|Win32
		{28EF8B88-8DB8-4F42-B6A6-B5FC7F2EC2EB}.XBOX_Release|Win32.ActiveCfg = Release|Win32
		{28EF8B88-8DB8-4F42-B6A6-B5FC7F2EC2EB}.XBOX_Release|Win32.Build.0 = Release|Win32
	EndGlobalSection
	GlobalSection(SolutionProperties) = preSolution
		HideSolutionNode = FALSE
	EndGlobalSection
EndGlobal
